
Microsoft Visual Studio Solution File, Format Version 12.00
# Visual Studio Version 16
VisualStudioVersion = 16.0.30223.230
MinimumVisualStudioVersion = 10.0.40219.1
Project("{9A19103F-16F7-4668-BE54-9A1E7A4F7556}") = "Penguin.Authentication.Abstractions", "Penguin.Authentication.Abstractions.csproj", "{AFEE6A85-6318-4A55-B743-7C160E103275}"
EndProject
Global
	GlobalSection(SolutionConfigurationPlatforms) = preSolution
		Debug|Any CPU = Debug|Any CPU
		Release|Any CPU = Release|Any CPU
	EndGlobalSection
	GlobalSection(ProjectConfigurationPlatforms) = postSolution
		{AFEE6A85-6318-4A55-B743-7C160E103275}.Debug|Any CPU.ActiveCfg = Debug|Any CPU
		{AFEE6A85-6318-4A55-B743-7C160E103275}.Debug|Any CPU.Build.0 = Debug|Any CPU
		{AFEE6A85-6318-4A55-B743-7C160E103275}.Release|Any CPU.ActiveCfg = Release|Any CPU
		{AFEE6A85-6318-4A55-B743-7C160E103275}.Release|Any CPU.Build.0 = Release|Any CPU
	EndGlobalSection
	GlobalSection(SolutionProperties) = preSolution
		HideSolutionNode = FALSE
	EndGlobalSection
	GlobalSection(ExtensibilityGlobals) = postSolution
		SolutionGuid = {CE857092-958C-4305-9E3C-1DD4ED1C74F8}
	EndGlobalSection
EndGlobal
